// !$*UTF8*$!
{
	archiveVersion = 1;
	classes = {
	};
	objectVersion = 46;
	objects = {

/* Begin PBXBuildFile section */
		933A69051CB93D89005A3306 /* main.m in Sources */ = {isa = PBXBuildFile; fileRef = 933A69041CB93D89005A3306 /* main.m */; };
		933A69081CB93D89005A3306 /* AppDelegate.m in Sources */ = {isa = PBXBuildFile; fileRef = 933A69071CB93D89005A3306 /* AppDelegate.m */; };
		933A690B1CB93D89005A3306 /* ViewController.m in Sources */ = {isa = PBXBuildFile; fileRef = 933A690A1CB93D89005A3306 /* ViewController.m */; };
		933A690E1CB93D89005A3306 /* Main.storyboard in Resources */ = {isa = PBXBuildFile; fileRef = 933A690C1CB93D89005A3306 /* Main.storyboard */; };
		933A69101CB93D89005A3306 /* Assets.xcassets in Resources */ = {isa = PBXBuildFile; fileRef = 933A690F1CB93D89005A3306 /* Assets.xcassets */; };
		933A69131CB93D89005A3306 /* LaunchScreen.storyboard in Resources */ = {isa = PBXBuildFile; fileRef = 933A69111CB93D89005A3306 /* LaunchScreen.storyboard */; };
		933A691E1CB93D89005A3306 /* novo_projetoTests.m in Sources */ = {isa = PBXBuildFile; fileRef = 933A691D1CB93D89005A3306 /* novo_projetoTests.m */; };
		933A69291CB93D89005A3306 /* novo_projetoUITests.m in Sources */ = {isa = PBXBuildFile; fileRef = 933A69281CB93D89005A3306 /* novo_projetoUITests.m */; };
/* End PBXBuildFile section */

/* Begin PBXContainerItemProxy section */
		933A691A1CB93D89005A3306 /* PBXContainerItemProxy */ = {
			isa = PBXContainerItemProxy;
			containerPortal = 933A68F81CB93D88005A3306 /* Project object */;
			proxyType = 1;
			remoteGlobalIDString = 933A68FF1CB93D88005A3306;
			remoteInfo = novo_projeto;
		};
		933A69251CB93D89005A3306 /* PBXContainerItemProxy */ = {
			isa = PBXContainerItemProxy;
			containerPortal = 933A68F81CB93D88005A3306 /* Project object */;
			proxyType = 1;
			remoteGlobalIDString = 933A68FF1CB93D88005A3306;
			remoteInfo = novo_projeto;
		};
/* End PBXContainerItemProxy section */

/* Begin PBXFileReference section */
		933A69001CB93D88005A3306 /* novo_projeto.app */ = {isa = PBXFileReference; explicitFileType = wrapper.application; includeInIndex = 0; path = novo_projeto.app; sourceTree = BUILT_PRODUCTS_DIR; };
		933A69041CB93D89005A3306 /* main.m */ = {isa = PBXFileReference; lastKnownFileType = sourcecode.c.objc; path = main.m; sourceTree = "<group>"; };
		933A69061CB93D89005A3306 /* AppDelegate.h */ = {isa = PBXFileReference; lastKnownFileType = sourcecode.c.h; path = AppDelegate.h; sourceTree = "<group>"; };
		933A69071CB93D89005A3306 /* AppDelegate.m */ = {isa = PBXFileReference; lastKnownFileType = sourcecode.c.objc; path = AppDelegate.m; sourceTree = "<group>"; };
		933A69091CB93D89005A3306 /* ViewController.h */ = {isa = PBXFileReference; lastKnownFileType = sourcecode.c.h; path = ViewController.h; sourceTree = "<group>"; };
		933A690A1CB93D89005A3306 /* ViewController.m */ = {isa = PBXFileReference; lastKnownFileType = sourcecode.c.objc; path = ViewController.m; sourceTree = "<group>"; };
		933A690D1CB93D89005A3306 /* Base */ = {isa = PBXFileReference; lastKnownFileType = file.storyboard; name = Base; path = Base.lproj/Main.storyboard; sourceTree = "<group>"; };
		933A690F1CB93D89005A3306 /* Assets.xcassets */ = {isa = PBXFileReference; lastKnownFileType = folder.assetcatalog; path = Assets.xcassets; sourceTree = "<group>"; };
		933A69121CB93D89005A3306 /* Base */ = {isa = PBXFileReference; lastKnownFileType = file.storyboard; name = Base; path = Base.lproj/LaunchScreen.storyboard; sourceTree = "<group>"; };
		933A69141CB93D89005A3306 /* Info.plist */ = {isa = PBXFileReference; lastKnownFileType = text.plist.xml; path = Info.plist; sourceTree = "<group>"; };
		933A69191CB93D89005A3306 /* novo_projetoTests.xctest */ = {isa = PBXFileReference; explicitFileType = wrapper.cfbundle; includeInIndex = 0; path = novo_projetoTests.xctest; sourceTree = BUILT_PRODUCTS_DIR; };
		933A691D1CB93D89005A3306 /* novo_projetoTests.m */ = {isa = PBXFileReference; lastKnownFileType = sourcecode.c.objc; path = novo_projetoTests.m; sourceTree = "<group>"; };
		933A691F1CB93D89005A3306 /* Info.plist */ = {isa = PBXFileReference; lastKnownFileType = text.plist.xml; path = Info.plist; sourceTree = "<group>"; };
		933A69241CB93D89005A3306 /* novo_projetoUITests.xctest */ = {isa = PBXFileReference; explicitFileType = wrapper.cfbundle; includeInIndex = 0; path = novo_projetoUITests.xctest; sourceTree = BUILT_PRODUCTS_DIR; };
		933A69281CB93D89005A3306 /* novo_projetoUITests.m */ = {isa = PBXFileReference; lastKnownFileType = sourcecode.c.objc; path = novo_projetoUITests.m; sourceTree = "<group>"; };
		933A692A1CB93D89005A3306 /* Info.plist */ = {isa = PBXFileReference; lastKnownFileType = text.plist.xml; path = Info.plist; sourceTree = "<group>"; };
/* End PBXFileReference section */

/* Begin PBXFrameworksBuildPhase section */
		933A68FD1CB93D88005A3306 /* Frameworks */ = {
			isa = PBXFrameworksBuildPhase;
			buildActionMask = 2147483647;
			files = (
			);
			runOnlyForDeploymentPostprocessing = 0;
		};
		933A69161CB93D89005A3306 /* Frameworks */ = {
			isa = PBXFrameworksBuildPhase;
			buildActionMask = 2147483647;
			files = (
			);
			runOnlyForDeploymentPostprocessing = 0;
		};
		933A69211CB93D89005A3306 /* Frameworks */ = {
			isa = PBXFrameworksBuildPhase;
			buildActionMask = 2147483647;
			files = (
			);
			runOnlyForDeploymentPostprocessing = 0;
		};
/* End PBXFrameworksBuildPhase section */

/* Begin PBXGroup section */
		933A68F71CB93D88005A3306 = {
			isa = PBXGroup;
			children = (
				933A69021CB93D88005A3306 /* novo_projeto */,
				933A691C1CB93D89005A3306 /* novo_projetoTests */,
				933A69271CB93D89005A3306 /* novo_projetoUITests */,
				933A69011CB93D88005A3306 /* Products */,
			);
			sourceTree = "<group>";
		};
		933A69011CB93D88005A3306 /* Products */ = {
			isa = PBXGroup;
			children = (
				933A69001CB93D88005A3306 /* novo_projeto.app */,
				933A69191CB93D89005A3306 /* novo_projetoTests.xctest */,
				933A69241CB93D89005A3306 /* novo_projetoUITests.xctest */,
			);
			name = Products;
			sourceTree = "<group>";
		};
		933A69021CB93D88005A3306 /* novo_projeto */ = {
			isa = PBXGroup;
			children = (
				933A69061CB93D89005A3306 /* AppDelegate.h */,
				933A69071CB93D89005A3306 /* AppDelegate.m */,
				933A69091CB93D89005A3306 /* ViewController.h */,
				933A690A1CB93D89005A3306 /* ViewController.m */,
				933A690C1CB93D89005A3306 /* Main.storyboard */,
				933A690F1CB93D89005A3306 /* Assets.xcassets */,
				933A69111CB93D89005A3306 /* LaunchScreen.storyboard */,
				933A69141CB93D89005A3306 /* Info.plist */,
				933A69031CB93D88005A3306 /* Supporting Files */,
			);
			path = novo_projeto;
			sourceTree = "<group>";
		};
		933A69031CB93D88005A3306 /* Supporting Files */ = {
			isa = PBXGroup;
			children = (
				933A69041CB93D89005A3306 /* main.m */,
			);
			name = "Supporting Files";
			sourceTree = "<group>";
		};
		933A691C1CB93D89005A3306 /* novo_projetoTests */ = {
			isa = PBXGroup;
			children = (
				933A691D1CB93D89005A3306 /* novo_projetoTests.m */,
				933A691F1CB93D89005A3306 /* Info.plist */,
			);
			path = novo_projetoTests;
			sourceTree = "<group>";
		};
		933A69271CB93D89005A3306 /* novo_projetoUITests */ = {
			isa = PBXGroup;
			children = (
				933A69281CB93D89005A3306 /* novo_projetoUITests.m */,
				933A692A1CB93D89005A3306 /* Info.plist */,
			);
			path = novo_projetoUITests;
			sourceTree = "<group>";
		};
/* End PBXGroup section */

/* Begin PBXNativeTarget section */
		933A68FF1CB93D88005A3306 /* novo_projeto */ = {
			isa = PBXNativeTarget;
			buildConfigurationList = 933A692D1CB93D89005A3306 /* Build configuration list for PBXNativeTarget "novo_projeto" */;
			buildPhases = (
				933A68FC1CB93D88005A3306 /* Sources */,
				933A68FD1CB93D88005A3306 /* Frameworks */,
				933A68FE1CB93D88005A3306 /* Resources */,
			);
			buildRules = (
			);
			dependencies = (
			);
			name = novo_projeto;
			productName = novo_projeto;
			productReference = 933A69001CB93D88005A3306 /* novo_projeto.app */;
			productType = "com.apple.product-type.application";
		};
		933A69181CB93D89005A3306 /* novo_projetoTests */ = {
			isa = PBXNativeTarget;
			buildConfigurationList = 933A69301CB93D89005A3306 /* Build configuration list for PBXNativeTarget "novo_projetoTests" */;
			buildPhases = (
				933A69151CB93D89005A3306 /* Sources */,
				933A69161CB93D89005A3306 /* Frameworks */,
				933A69171CB93D89005A3306 /* Resources */,
			);
			buildRules = (
			);
			dependencies = (
				933A691B1CB93D89005A3306 /* PBXTargetDependency */,
			);
			name = novo_projetoTests;
			productName = novo_projetoTests;
			productReference = 933A69191CB93D89005A3306 /* novo_projetoTests.xctest */;
			productType = "com.apple.product-type.bundle.unit-test";
		};
		933A69231CB93D89005A3306 /* novo_projetoUITests */ = {
			isa = PBXNativeTarget;
			buildConfigurationList = 933A69331CB93D89005A3306 /* Build configuration list for PBXNativeTarget "novo_projetoUITests" */;
			buildPhases = (
				933A69201CB93D89005A3306 /* Sources */,
				933A69211CB93D89005A3306 /* Frameworks */,
				933A69221CB93D89005A3306 /* Resources */,
			);
			buildRules = (
			);
			dependencies = (
				933A69261CB93D89005A3306 /* PBXTargetDependency */,
			);
			name = novo_projetoUITests;
			productName = novo_projetoUITests;
			productReference = 933A69241CB93D89005A3306 /* novo_projetoUITests.xctest */;
			productType = "com.apple.product-type.bundle.ui-testing";
		};
/* End PBXNativeTarget section */

/* Begin PBXProject section */
		933A68F81CB93D88005A3306 /* Project object */ = {
			isa = PBXProject;
			attributes = {
				LastUpgradeCheck = 0700;
				ORGANIZATIONNAME = "Valter Abranches";
				TargetAttributes = {
					933A68FF1CB93D88005A3306 = {
						CreatedOnToolsVersion = 7.0.1;
					};
					933A69181CB93D89005A3306 = {
						CreatedOnToolsVersion = 7.0.1;
						TestTargetID = 933A68FF1CB93D88005A3306;
					};
					933A69231CB93D89005A3306 = {
						CreatedOnToolsVersion = 7.0.1;
						TestTargetID = 933A68FF1CB93D88005A3306;
					};
				};
			};
			buildConfigurationList = 933A68FB1CB93D88005A3306 /* Build configuration list for PBXProject "novo_projeto" */;
			compatibilityVersion = "Xcode 3.2";
			developmentRegion = English;
			hasScannedForEncodings = 0;
			knownRegions = (
				en,
				Base,
			);
			mainGroup = 933A68F71CB93D88005A3306;
			productRefGroup = 933A69011CB93D88005A3306 /* Products */;
			projectDirPath = "";
			projectRoot = "";
			targets = (
				933A68FF1CB93D88005A3306 /* novo_projeto */,
				933A69181CB93D89005A3306 /* novo_projetoTests */,
				933A69231CB93D89005A3306 /* novo_projetoUITests */,
			);
		};
/* End PBXProject section */

/* Begin PBXResourcesBuildPhase section */
		933A68FE1CB93D88005A3306 /* Resources */ = {
			isa = PBXResourcesBuildPhase;
			buildActionMask = 2147483647;
			files = (
				933A69131CB93D89005A3306 /* LaunchScreen.storyboard in Resources */,
				933A69101CB93D89005A3306 /* Assets.xcassets in Resources */,
				933A690E1CB93D89005A3306 /* Main.storyboard in Resources */,
			);
			runOnlyForDeploymentPostprocessing = 0;
		};
		933A69171CB93D89005A3306 /* Resources */ = {
			isa = PBXResourcesBuildPhase;
			buildActionMask = 2147483647;
			files = (
			);
			runOnlyForDeploymentPostprocessing = 0;
		};
		933A69221CB93D89005A3306 /* Resources */ = {
			isa = PBXResourcesBuildPhase;
			buildActionMask = 2147483647;
			files = (
			);
			runOnlyForDeploymentPostprocessing = 0;
		};
/* End PBXResourcesBuildPhase section */

/* Begin PBXSourcesBuildPhase section */
		933A68FC1CB93D88005A3306 /* Sources */ = {
			isa = PBXSourcesBuildPhase;
			buildActionMask = 2147483647;
			files = (
				933A690B1CB93D89005A3306 /* ViewController.m in Sources */,
				933A69081CB93D89005A3306 /* AppDelegate.m in Sources */,
				933A69051CB93D89005A3306 /* main.m in Sources */,
			);
			runOnlyForDeploymentPostprocessing = 0;
		};
		933A69151CB93D89005A3306 /* Sources */ = {
			isa = PBXSourcesBuildPhase;
			buildActionMask = 2147483647;
			files = (
				933A691E1CB93D89005A3306 /* novo_projetoTests.m in Sources */,
			);
			runOnlyForDeploymentPostprocessing = 0;
		};
		933A69201CB93D89005A3306 /* Sources */ = {
			isa = PBXSourcesBuildPhase;
			buildActionMask = 2147483647;
			files = (
				933A69291CB93D89005A3306 /* novo_projetoUITests.m in Sources */,
			);
			runOnlyForDeploymentPostprocessing = 0;
		};
/* End PBXSourcesBuildPhase section */

/* Begin PBXTargetDependency section */
		933A691B1CB93D89005A3306 /* PBXTargetDependency */ = {
			isa = PBXTargetDependency;
			target = 933A68FF1CB93D88005A3306 /* novo_projeto */;
			targetProxy = 933A691A1CB93D89005A3306 /* PBXContainerItemProxy */;
		};
		933A69261CB93D89005A3306 /* PBXTargetDependency */ = {
			isa = PBXTargetDependency;
			target = 933A68FF1CB93D88005A3306 /* novo_projeto */;
			targetProxy = 933A69251CB93D89005A3306 /* PBXContainerItemProxy */;
		};
/* End PBXTargetDependency section */

/* Begin PBXVariantGroup section */
		933A690C1CB93D89005A3306 /* Main.storyboard */ = {
			isa = PBXVariantGroup;
			children = (
				933A690D1CB93D89005A3306 /* Base */,
			);
			name = Main.storyboard;
			sourceTree = "<group>";
		};
		933A69111CB93D89005A3306 /* LaunchScreen.storyboard */ = {
			isa = PBXVariantGroup;
			children = (
				933A69121CB93D89005A3306 /* Base */,
			);
			name = LaunchScreen.storyboard;
			sourceTree = "<group>";
		};
/* End PBXVariantGroup section */

/* Begin XCBuildConfiguration section */
		933A692B1CB93D89005A3306 /* Debug */ = {
			isa = XCBuildConfiguration;
			buildSettings = {
				ALWAYS_SEARCH_USER_PATHS = NO;
				CLANG_CXX_LANGUAGE_STANDARD = "gnu++0x";
				CLANG_CXX_LIBRARY = "libc++";
				CLANG_ENABLE_MODULES = YES;
				CLANG_ENABLE_OBJC_ARC = YES;
				CLANG_WARN_BOOL_CONVERSION = YES;
				CLANG_WARN_CONSTANT_CONVERSION = YES;
				CLANG_WARN_DIRECT_OBJC_ISA_USAGE = YES_ERROR;
				CLANG_WARN_EMPTY_BODY = YES;
				CLANG_WARN_ENUM_CONVERSION = YES;
				CLANG_WARN_INT_CONVERSION = YES;
				CLANG_WARN_OBJC_ROOT_CLASS = YES_ERROR;
				CLANG_WARN_UNREACHABLE_CODE = YES;
				CLANG_WARN__DUPLICATE_METHOD_MATCH = YES;
				"CODE_SIGN_IDENTITY[sdk=iphoneos*]" = "iPhone Developer";
				COPY_PHASE_STRIP = NO;
				DEBUG_INFORMATION_FORMAT = dwarf;
				ENABLE_STRICT_OBJC_MSGSEND = YES;
				ENABLE_TESTABILITY = YES;
				GCC_C_LANGUAGE_STANDARD = gnu99;
				GCC_DYNAMIC_NO_PIC = NO;
				GCC_NO_COMMON_BLOCKS = YES;
				GCC_OPTIMIZATION_LEVEL = 0;
				GCC_PREPROCESSOR_DEFINITIONS = (
					"DEBUG=1",
					"$(inherited)",
				);
				GCC_WARN_64_TO_32_BIT_CONVERSION = YES;
				GCC_WARN_ABOUT_RETURN_TYPE = YES_ERROR;
				GCC_WARN_UNDECLARED_SELECTOR = YES;
				GCC_WARN_UNINITIALIZED_AUTOS = YES_AGGRESSIVE;
				GCC_WARN_UNUSED_FUNCTION = YES;
				GCC_WARN_UNUSED_VARIABLE = YES;
				IPHONEOS_DEPLOYMENT_TARGET = 9.0;
				MTL_ENABLE_DEBUG_INFO = YES;
				ONLY_ACTIVE_ARCH = YES;
				SDKROOT = iphoneos;
			};
			name = Debug;
		};
		933A692C1CB93D89005A3306 /* Release */ = {
			isa = XCBuildConfiguration;
			buildSettings = {
				ALWAYS_SEARCH_USER_PATHS = NO;
				CLANG_CXX_LANGUAGE_STANDARD = "gnu++0x";
				CLANG_CXX_LIBRARY = "libc++";
				CLANG_ENABLE_MODULES = YES;
				CLANG_ENABLE_OBJC_ARC = YES;
				CLANG_WARN_BOOL_CONVERSION = YES;
				CLANG_WARN_CONSTANT_CONVERSION = YES;
				CLANG_WARN_DIRECT_OBJC_ISA_USAGE = YES_ERROR;
				CLANG_WARN_EMPTY_BODY = YES;
				CLANG_WARN_ENUM_CONVERSION = YES;
				CLANG_WARN_INT_CONVERSION = YES;
				CLANG_WARN_OBJC_ROOT_CLASS = YES_ERROR;
				CLANG_WARN_UNREACHABLE_CODE = YES;
				CLANG_WARN__DUPLICATE_METHOD_MATCH = YES;
				"CODE_SIGN_IDENTITY[sdk=iphoneos*]" = "iPhone Developer";
				COPY_PHASE_STRIP = NO;
				DEBUG_INFORMATION_FORMAT = "dwarf-with-dsym";
				ENABLE_NS_ASSERTIONS = NO;
				ENABLE_STRICT_OBJC_MSGSEND = YES;
				GCC_C_LANGUAGE_STANDARD = gnu99;
				GCC_NO_COMMON_BLOCKS = YES;
				GCC_WARN_64_TO_32_BIT_CONVERSION = YES;
				GCC_WARN_ABOUT_RETURN_TYPE = YES_ERROR;
				GCC_WARN_UNDECLARED_SELECTOR = YES;
				GCC_WARN_UNINITIALIZED_AUTOS = YES_AGGRESSIVE;
				GCC_WARN_UNUSED_FUNCTION = YES;
				GCC_WARN_UNUSED_VARIABLE = YES;
				IPHONEOS_DEPLOYMENT_TARGET = 9.0;
				MTL_ENABLE_DEBUG_INFO = NO;
				SDKROOT = iphoneos;
				VALIDATE_PRODUCT = YES;
			};
			name = Release;
		};
		933A692E1CB93D89005A3306 /* Debug */ = {
			isa = XCBuildConfiguration;
			buildSettings = {
				ASSETCATALOG_COMPILER_APPICON_NAME = AppIcon;
				INFOPLIST_FILE = novo_projeto/Info.plist;
				LD_RUNPATH_SEARCH_PATHS = "$(inherited) @executable_path/Frameworks";
				PRODUCT_BUNDLE_IDENTIFIER = "br.curso.novo-projeto";
				PRODUCT_NAME = "$(TARGET_NAME)";
			};
			name = Debug;
		};
		933A692F1CB93D89005A3306 /* Release */ = {
			isa = XCBuildConfiguration;
			buildSettings = {
				ASSETCATALOG_COMPILER_APPICON_NAME = AppIcon;
				INFOPLIST_FILE = novo_projeto/Info.plist;
				LD_RUNPATH_SEARCH_PATHS = "$(inherited) @executable_path/Frameworks";
				PRODUCT_BUNDLE_IDENTIFIER = "br.curso.novo-projeto";
				PRODUCT_NAME = "$(TARGET_NAME)";
			};
			name = Release;
		};
		933A69311CB93D89005A3306 /* Debug */ = {
			isa = XCBuildConfiguration;
			buildSettings = {
				BUNDLE_LOADER = "$(TEST_HOST)";
				INFOPLIST_FILE = novo_projetoTests/Info.plist;
				LD_RUNPATH_SEARCH_PATHS = "$(inherited) @executable_path/Frameworks @loader_path/Frameworks";
				PRODUCT_BUNDLE_IDENTIFIER = "br.curso.novo-projetoTests";
				PRODUCT_NAME = "$(TARGET_NAME)";
				TEST_HOST = "$(BUILT_PRODUCTS_DIR)/novo_projeto.app/novo_projeto";
			};
			name = Debug;
		};
		933A69321CB93D89005A3306 /* Release */ = {
			isa = XCBuildConfiguration;
			buildSettings = {
				BUNDLE_LOADER = "$(TEST_HOST)";
				INFOPLIST_FILE = novo_projetoTests/Info.plist;
				LD_RUNPATH_SEARCH_PATHS = "$(inherited) @executable_path/Frameworks @loader_path/Frameworks";
				PRODUCT_BUNDLE_IDENTIFIER = "br.curso.novo-projetoTests";
				PRODUCT_NAME = "$(TARGET_NAME)";
				TEST_HOST = "$(BUILT_PRODUCTS_DIR)/novo_projeto.app/novo_projeto";
			};
			name = Release;
		};
		933A69341CB93D89005A3306 /* Debug */ = {
			isa = XCBuildConfiguration;
			buildSettings = {
				INFOPLIST_FILE = novo_projetoUITests/Info.plist;
				LD_RUNPATH_SEARCH_PATHS = "$(inherited) @executable_path/Frameworks @loader_path/Frameworks";
				PRODUCT_BUNDLE_IDENTIFIER = "br.curso.novo-projetoUITests";
				PRODUCT_NAME = "$(TARGET_NAME)";
				TEST_TARGET_NAME = novo_projeto;
				USES_XCTRUNNER = YES;
			};
			name = Debug;
		};
		933A69351CB93D89005A3306 /* Release */ = {
			isa = XCBuildConfiguration;
			buildSettings = {
				INFOPLIST_FILE = novo_projetoUITests/Info.plist;
				LD_RUNPATH_SEARCH_PATHS = "$(inherited) @executable_path/Frameworks @loader_path/Frameworks";
				PRODUCT_BUNDLE_IDENTIFIER = "br.curso.novo-projetoUITests";
				PRODUCT_NAME = "$(TARGET_NAME)";
				TEST_TARGET_NAME = novo_projeto;
				USES_XCTRUNNER = YES;
			};
			name = Release;
		};
/* End XCBuildConfiguration section */

/* Begin XCConfigurationList section */
		933A68FB1CB93D88005A3306 /* Build configuration list for PBXProject "novo_projeto" */ = {
			isa = XCConfigurationList;
			buildConfigurations = (
				933A692B1CB93D89005A3306 /* Debug */,
				933A692C1CB93D89005A3306 /* Release */,
			);
			defaultConfigurationIsVisible = 0;
			defaultConfigurationName = Release;
		};
		933A692D1CB93D89005A3306 /* Build configuration list for PBXNativeTarget "novo_projeto" */ = {
			isa = XCConfigurationList;
			buildConfigurations = (
				933A692E1CB93D89005A3306 /* Debug */,
				933A692F1CB93D89005A3306 /* Release */,
			);
			defaultConfigurationIsVisible = 0;
		};
		933A69301CB93D89005A3306 /* Build configuration list for PBXNativeTarget "novo_projetoTests" */ = {
			isa = XCConfigurationList;
			buildConfigurations = (
				933A69311CB93D89005A3306 /* Debug */,
				933A69321CB93D89005A3306 /* Release */,
			);
			defaultConfigurationIsVisible = 0;
		};
		933A69331CB93D89005A3306 /* Build configuration list for PBXNativeTarget "novo_projetoUITests" */ = {
			isa = XCConfigurationList;
			buildConfigurations = (
				933A69341CB93D89005A3306 /* Debug */,
				933A69351CB93D89005A3306 /* Release */,
			);
			defaultConfigurationIsVisible = 0;
		};
/* End XCConfigurationList section */
	};
	rootObject = 933A68F81CB93D88005A3306 /* Project object */;
}
